
Microsoft Visual Studio Solution File, Format Version 12.00
# Visual Studio Version 16
VisualStudioVersion = 16.0.29905.134
MinimumVisualStudioVersion = 10.0.40219.1
Project("{FAE04EC0-301F-11D3-BF4B-00C04F79EFBC}") = "XPAND.Captains.API", "XPAND.Users.API\XPAND.Captains.API.csproj", "{BA4F1580-EE82-4886-AE42-D3B614214AB8}"
EndProject
Project("{FAE04EC0-301F-11D3-BF4B-00C04F79EFBC}") = "XPAND.Planets.API", "XPAND.Planets.API\XPAND.Planets.API.csproj", "{0D62DB55-7D51-4E9A-B550-DEF46917499C}"
EndProject
Project("{FAE04EC0-301F-11D3-BF4B-00C04F79EFBC}") = "Common", "Common\Common.csproj", "{2E63C68B-D3A2-4E16-8610-63D42DD5C623}"
EndProject
Global
	GlobalSection(SolutionConfigurationPlatforms) = preSolution
		Debug|Any CPU = Debug|Any CPU
		Release|Any CPU = Release|Any CPU
	EndGlobalSection
	GlobalSection(ProjectConfigurationPlatforms) = postSolution
		{BA4F1580-EE82-4886-AE42-D3B614214AB8}.Debug|Any CPU.ActiveCfg = Debug|Any CPU
		{BA4F1580-EE82-4886-AE42-D3B614214AB8}.Debug|Any CPU.Build.0 = Debug|Any CPU
		{BA4F1580-EE82-4886-AE42-D3B614214AB8}.Release|Any CPU.ActiveCfg = Release|Any CPU
		{BA4F1580-EE82-4886-AE42-D3B614214AB8}.Release|Any CPU.Build.0 = Release|Any CPU
		{0D62DB55-7D51-4E9A-B550-DEF46917499C}.Debug|Any CPU.ActiveCfg = Debug|Any CPU
		{0D62DB55-7D51-4E9A-B550-DEF46917499C}.Debug|Any CPU.Build.0 = Debug|Any CPU
		{0D62DB55-7D51-4E9A-B550-DEF46917499C}.Release|Any CPU.ActiveCfg = Release|Any CPU
		{0D62DB55-7D51-4E9A-B550-DEF46917499C}.Release|Any CPU.Build.0 = Release|Any CPU
		{2E63C68B-D3A2-4E16-8610-63D42DD5C623}.Debug|Any CPU.ActiveCfg = Debug|Any CPU
		{2E63C68B-D3A2-4E16-8610-63D42DD5C623}.Debug|Any CPU.Build.0 = Debug|Any CPU
		{2E63C68B-D3A2-4E16-8610-63D42DD5C623}.Release|Any CPU.ActiveCfg = Release|Any CPU
		{2E63C68B-D3A2-4E16-8610-63D42DD5C623}.Release|Any CPU.Build.0 = Release|Any CPU
	EndGlobalSection
	GlobalSection(SolutionProperties) = preSolution
		HideSolutionNode = FALSE
	EndGlobalSection
	GlobalSection(ExtensibilityGlobals) = postSolution
		SolutionGuid = {FD6EE138-7A1A-44A6-BC37-F92B5A30C0A7}
	EndGlobalSection
EndGlobal
